
Microsoft Visual Studio Solution File, Format Version 12.00
# Visual Studio 15
VisualStudioVersion = 15.0.28307.1259
MinimumVisualStudioVersion = 10.0.40219.1
Project("{FAE04EC0-301F-11D3-BF4B-00C04F79EFBC}") = "ServerChatApp_20180140121_MuhammadRifal", "ServerChatApp_20180140121_MuhammadRifal\ServerChatApp_20180140121_MuhammadRifal.csproj", "{F597B83C-BA8A-407D-A94C-CB8D938CC8EE}"
EndProject
Global
	GlobalSection(SolutionConfigurationPlatforms) = preSolution
		Debug|Any CPU = Debug|Any CPU
		Release|Any CPU = Release|Any CPU
	EndGlobalSection
	GlobalSection(ProjectConfigurationPlatforms) = postSolution
		{F597B83C-BA8A-407D-A94C-CB8D938CC8EE}.Debug|Any CPU.ActiveCfg = Debug|Any CPU
		{F597B83C-BA8A-407D-A94C-CB8D938CC8EE}.Debug|Any CPU.Build.0 = Debug|Any CPU
		{F597B83C-BA8A-407D-A94C-CB8D938CC8EE}.Release|Any CPU.ActiveCfg = Release|Any CPU
		{F597B83C-BA8A-407D-A94C-CB8D938CC8EE}.Release|Any CPU.Build.0 = Release|Any CPU
	EndGlobalSection
	GlobalSection(SolutionProperties) = preSolution
		HideSolutionNode = FALSE
	EndGlobalSection
	GlobalSection(ExtensibilityGlobals) = postSolution
		SolutionGuid = {F24B90B0-83C8-44F8-8C45-0339E5000ED3}
	EndGlobalSection
EndGlobal
